
Microsoft Visual Studio Solution File, Format Version 12.00
# Visual Studio Version 17
VisualStudioVersion = 17.8.34511.84
MinimumVisualStudioVersion = 10.0.40219.1
Project("{FAE04EC0-301F-11D3-BF4B-00C04F79EFBC}") = "FirstApplication", "FirstApplication\FirstApplication.csproj", "{06669C34-F60F-4897-977C-8F67A028025F}"
EndProject
Project("{FAE04EC0-301F-11D3-BF4B-00C04F79EFBC}") = "ObjectNew", "ObjectNew\ObjectNew.csproj", "{86AE7443-2FF3-4DF5-8CC1-926DF20D574D}"
EndProject
Project("{FAE04EC0-301F-11D3-BF4B-00C04F79EFBC}") = "ObjectFields", "ObjectFields\ObjectFields.csproj", "{83ACFD67-95DF-4B5F-BC6C-55E04EE1BDD4}"
EndProject
Project("{FAE04EC0-301F-11D3-BF4B-00C04F79EFBC}") = "ObjectMethods", "ObjectMethods\ObjectMethods.csproj", "{E8EE008B-F933-4361-A88D-422410D9FA2F}"
EndProject
Project("{FAE04EC0-301F-11D3-BF4B-00C04F79EFBC}") = "Scope", "Scope\Scope.csproj", "{033EA957-8E86-406C-ABEF-FFBD90F3FA60}"
EndProject
Project("{FAE04EC0-301F-11D3-BF4B-00C04F79EFBC}") = "MainReturn", "MainReturn\MainReturn.csproj", "{33AC2298-5C2F-42F4-8975-F1856F04BBAC}"
EndProject
Project("{FAE04EC0-301F-11D3-BF4B-00C04F79EFBC}") = "Statics", "Statics\Statics.csproj", "{617D8AD9-B81C-4987-A05E-0F6F0A3D9B9D}"
EndProject
Project("{FAE04EC0-301F-11D3-BF4B-00C04F79EFBC}") = "ArrayBase", "ArrayBase\ArrayBase.csproj", "{A8D5B539-4E1C-48F5-B813-B0FB015574EA}"
EndProject
Project("{FAE04EC0-301F-11D3-BF4B-00C04F79EFBC}") = "Comments", "Comments\Comments.csproj", "{3C481B60-6336-47ED-92FA-BCAD7D40F5D6}"
EndProject
Project("{FAE04EC0-301F-11D3-BF4B-00C04F79EFBC}") = "Paradigm", "Paradigm\Paradigm.csproj", "{CFF49BBB-666D-4F53-B1E8-E427E77257A2}"
EndProject
Project("{FAE04EC0-301F-11D3-BF4B-00C04F79EFBC}") = "Operators", "Operators\Operators.csproj", "{2715315E-BBCA-45F4-B40A-219EFF1F1063}"
EndProject
Project("{FAE04EC0-301F-11D3-BF4B-00C04F79EFBC}") = "ShortCircuit", "ShortCircuit\ShortCircuit.csproj", "{B3164049-5C5A-408F-8AA2-5240D3628320}"
EndProject
Project("{FAE04EC0-301F-11D3-BF4B-00C04F79EFBC}") = "Test", "Test\Test.csproj", "{7C8C847C-E95C-499C-B170-C4E4C1F4AA82}"
EndProject
Project("{FAE04EC0-301F-11D3-BF4B-00C04F79EFBC}") = "TwoToThePower", "TwoToThePower\TwoToThePower.csproj", "{47510B6E-7687-4B52-BE07-AAA5226D6BD4}"
EndProject
Project("{FAE04EC0-301F-11D3-BF4B-00C04F79EFBC}") = "Cicli", "Cicli\Cicli.csproj", "{2ED42F02-EB23-41E4-B957-8A9AC482D713}"
EndProject
Project("{FAE04EC0-301F-11D3-BF4B-00C04F79EFBC}") = "BreakContinue", "BreakContinue\BreakContinue.csproj", "{47F85D7A-9000-4A22-B6A1-B2907E37FD62}"
EndProject
Project("{FAE04EC0-301F-11D3-BF4B-00C04F79EFBC}") = "Vocali", "Vocali\Vocali.csproj", "{B5BB94DC-FB4B-40AE-B9C1-070784404E78}"
EndProject
Project("{FAE04EC0-301F-11D3-BF4B-00C04F79EFBC}") = "VarArgs", "VarArgs\VarArgs.csproj", "{A9D46506-2B26-4F4D-ADD4-22BAA83B488A}"
EndProject
Project("{FAE04EC0-301F-11D3-BF4B-00C04F79EFBC}") = "Overload", "Overload\Overload.csproj", "{A27765FA-FDB8-4458-8C95-1DC971E6DA86}"
EndProject
Project("{FAE04EC0-301F-11D3-BF4B-00C04F79EFBC}") = "EnumTypeValue", "EnumTypeValue\EnumTypeValue.csproj", "{6FBF412A-1934-4486-8874-6A62B43F63A1}"
EndProject
Project("{FAE04EC0-301F-11D3-BF4B-00C04F79EFBC}") = "ReturnMySelf", "ReturnMySelf\ReturnMySelf.csproj", "{C347911B-5F5C-4850-BD1F-8164AE810B2D}"
EndProject
Project("{FAE04EC0-301F-11D3-BF4B-00C04F79EFBC}") = "ThisConstructor", "ThisConstructor\ThisConstructor.csproj", "{04F62EEC-E0B2-4C8D-B8F1-43CF0090D0AE}"
EndProject
Project("{FAE04EC0-301F-11D3-BF4B-00C04F79EFBC}") = "PrimoProgramma", "PrimoProgramma\PrimoProgramma.csproj", "{5AF9C07A-273F-428E-ACFC-62929D537EDD}"
EndProject
Project("{FAE04EC0-301F-11D3-BF4B-00C04F79EFBC}") = "GarbageCollector", "GarbageCollector\GarbageCollector.csproj", "{D9F59E4D-756F-436F-A547-F9226D819BE7}"
EndProject
Project("{FAE04EC0-301F-11D3-BF4B-00C04F79EFBC}") = "Namespace", "Namespace\Namespace.csproj", "{3DA0FE59-74B9-4D17-8889-336C6324194D}"
EndProject
Project("{FAE04EC0-301F-11D3-BF4B-00C04F79EFBC}") = "Encapsulation", "Encapsulation\Encapsulation.csproj", "{B747E196-C4DD-4879-BF40-9082F30BB86B}"
EndProject
Project("{FAE04EC0-301F-11D3-BF4B-00C04F79EFBC}") = "Tabellina", "Tabellina\Tabellina.csproj", "{31403A46-B62A-4AD6-AEF7-74D68A95C802}"
EndProject
Project("{FAE04EC0-301F-11D3-BF4B-00C04F79EFBC}") = "InheritanceBase", "InheritanceBase\InheritanceBase.csproj", "{98725710-98E9-4085-9D7F-B76441687807}"
EndProject
Project("{FAE04EC0-301F-11D3-BF4B-00C04F79EFBC}") = "InnerClass", "InnerClass\InnerClass.csproj", "{FD212E0D-99C3-4A02-B225-6088E072E3D6}"
EndProject
Project("{FAE04EC0-301F-11D3-BF4B-00C04F79EFBC}") = "Polymorphism", "Polymorphism\Polymorphism.csproj", "{C96BD3EB-61AB-458B-987F-221E0E35EB40}"
EndProject
Project("{FAE04EC0-301F-11D3-BF4B-00C04F79EFBC}") = "Esempi", "Esempi\Esempi.csproj", "{2B8B89DC-C395-418A-8B6A-6088564D5386}"
EndProject
Project("{FAE04EC0-301F-11D3-BF4B-00C04F79EFBC}") = "Abstract", "Abstract\Abstract.csproj", "{385234CD-EA99-4F84-BBF4-ADE9843C0507}"
EndProject
Project("{FAE04EC0-301F-11D3-BF4B-00C04F79EFBC}") = "Interface", "Interface\Interface.csproj", "{F54C1E36-48E1-46C3-88EB-70BDAE815DD0}"
EndProject
Project("{FAE04EC0-301F-11D3-BF4B-00C04F79EFBC}") = "Exception", "Exception\Exception.csproj", "{5EF06A9F-5043-4620-A098-1673AEC8D1C2}"
EndProject
Project("{FAE04EC0-301F-11D3-BF4B-00C04F79EFBC}") = "Using", "Using\Using.csproj", "{8F0B65A4-3BA1-4508-90AB-B4B3A7681E93}"
EndProject
Project("{FAE04EC0-301F-11D3-BF4B-00C04F79EFBC}") = "CollectionExample", "CollectionExample\CollectionExample.csproj", "{8AF9330D-D4A8-4816-97FE-330A91009C45}"
EndProject
Project("{FAE04EC0-301F-11D3-BF4B-00C04F79EFBC}") = "LibraryExample", "LibraryExample\LibraryExample.csproj", "{C90CD988-FABC-4153-973C-B1EECDD77BE3}"
EndProject
Project("{FAE04EC0-301F-11D3-BF4B-00C04F79EFBC}") = "LibraryExampleUseIt", "LibraryExampleUseIt\LibraryExampleUseIt.csproj", "{BA16AE4E-E586-4938-AF4B-3812F477EAF0}"
EndProject
Project("{FAE04EC0-301F-11D3-BF4B-00C04F79EFBC}") = "LibraryExampleShared", "LibraryExampleShared\LibraryExampleShared.csproj", "{004C6646-E812-4128-8047-0B597D44B7EC}"
EndProject
Project("{FAE04EC0-301F-11D3-BF4B-00C04F79EFBC}") = "MyAuto", "MyAuto\MyAuto.csproj", "{406CFC86-E898-472B-86FA-24346F477F62}"
EndProject
Project("{FAE04EC0-301F-11D3-BF4B-00C04F79EFBC}") = "Lamp", "Lamp\Lamp.csproj", "{858DAB0A-42C2-41CF-931C-5A4C8FA14B0B}"
EndProject
Project("{FAE04EC0-301F-11D3-BF4B-00C04F79EFBC}") = "CreazioneOggetti", "CreazioneOggetti\CreazioneOggetti.csproj", "{4A16DE61-9758-495A-9230-76A8756B5AB5}"
EndProject
Project("{FAE04EC0-301F-11D3-BF4B-00C04F79EFBC}") = "ListaArgomentiVariabili", "ListaArgomentiVariabili\ListaArgomentiVariabili.csproj", "{C9306C1D-5D7F-4B1E-86D8-3F2A5E1B1907}"
EndProject
Project("{FAE04EC0-301F-11D3-BF4B-00C04F79EFBC}") = "EnumExample", "EnumExample\EnumExample.csproj", "{7DFDD600-A5ED-43AC-ACA9-1F3BFF28B99B}"
EndProject
Project("{FAE04EC0-301F-11D3-BF4B-00C04F79EFBC}") = "Aggregation", "Aggregation\Aggregation.csproj", "{33CBCF4F-B253-4B07-ABF1-4178E08DFC35}"
EndProject
Project("{2150E333-8FDC-42A3-9474-1A3956D46DE8}") = "RiutilizzoImplementazione", "RiutilizzoImplementazione", "{E3EC1F2D-E4A4-4DFF-81BE-B0E7FDCF125C}"
EndProject
Project("{FAE04EC0-301F-11D3-BF4B-00C04F79EFBC}") = "Association", "Association\Association.csproj", "{EC0F687A-0DFE-441D-9D43-460C2E88E58F}"
EndProject
Project("{FAE04EC0-301F-11D3-BF4B-00C04F79EFBC}") = "Composition", "Composition\Composition.csproj", "{118E7F38-3F24-42D9-9813-738D43288AAC}"
EndProject
Project("{FAE04EC0-301F-11D3-BF4B-00C04F79EFBC}") = "Inheritance", "Inheritance\Inheritance.csproj", "{6214A6D1-4C80-4CF6-8275-F58ECB0CD5F5}"
EndProject
Project("{FAE04EC0-301F-11D3-BF4B-00C04F79EFBC}") = "AttributiCostanti", "AttributiCostanti\AttributiCostanti.csproj", "{7E4B838F-0E83-4432-842B-033DE8DBE1F6}"
EndProject
Project("{FAE04EC0-301F-11D3-BF4B-00C04F79EFBC}") = "CastingRules", "CastingRules\CastingRules.csproj", "{47B36354-FF06-4500-B24E-F38F86C73251}"
EndProject
Project("{2150E333-8FDC-42A3-9474-1A3956D46DE8}") = "ObjectOriented", "ObjectOriented", "{65011A23-1D0C-47AF-B1B4-BB0CD2905E37}"
EndProject
Project("{2150E333-8FDC-42A3-9474-1A3956D46DE8}") = "LampadinaOOP", "LampadinaOOP", "{B031B52A-9A38-4A10-BAB5-632C5593B595}"
EndProject
Project("{FAE04EC0-301F-11D3-BF4B-00C04F79EFBC}") = "LampadinaOOP", "LampadinaOOP\LampadinaOOP.csproj", "{C530BBB1-9A45-4EAF-BFDC-CD49BDF2D23B}"
EndProject
Global
	GlobalSection(SolutionConfigurationPlatforms) = preSolution
		Debug|Any CPU = Debug|Any CPU
		Debug|x86 = Debug|x86
		Release|Any CPU = Release|Any CPU
		Release|x86 = Release|x86
	EndGlobalSection
	GlobalSection(ProjectConfigurationPlatforms) = postSolution
		{06669C34-F60F-4897-977C-8F67A028025F}.Debug|Any CPU.ActiveCfg = Debug|x86
		{06669C34-F60F-4897-977C-8F67A028025F}.Debug|Any CPU.Build.0 = Debug|x86
		{06669C34-F60F-4897-977C-8F67A028025F}.Debug|x86.ActiveCfg = Debug|x86
		{06669C34-F60F-4897-977C-8F67A028025F}.Debug|x86.Build.0 = Debug|x86
		{06669C34-F60F-4897-977C-8F67A028025F}.Release|Any CPU.ActiveCfg = Release|x86
		{06669C34-F60F-4897-977C-8F67A028025F}.Release|Any CPU.Build.0 = Release|x86
		{06669C34-F60F-4897-977C-8F67A028025F}.Release|x86.ActiveCfg = Release|x86
		{06669C34-F60F-4897-977C-8F67A028025F}.Release|x86.Build.0 = Release|x86
		{86AE7443-2FF3-4DF5-8CC1-926DF20D574D}.Debug|Any CPU.ActiveCfg = Debug|x86
		{86AE7443-2FF3-4DF5-8CC1-926DF20D574D}.Debug|Any CPU.Build.0 = Debug|x86
		{86AE7443-2FF3-4DF5-8CC1-926DF20D574D}.Debug|x86.ActiveCfg = Debug|x86
		{86AE7443-2FF3-4DF5-8CC1-926DF20D574D}.Debug|x86.Build.0 = Debug|x86
		{86AE7443-2FF3-4DF5-8CC1-926DF20D574D}.Release|Any CPU.ActiveCfg = Release|x86
		{86AE7443-2FF3-4DF5-8CC1-926DF20D574D}.Release|Any CPU.Build.0 = Release|x86
		{86AE7443-2FF3-4DF5-8CC1-926DF20D574D}.Release|x86.ActiveCfg = Release|x86
		{86AE7443-2FF3-4DF5-8CC1-926DF20D574D}.Release|x86.Build.0 = Release|x86
		{83ACFD67-95DF-4B5F-BC6C-55E04EE1BDD4}.Debug|Any CPU.ActiveCfg = Debug|x86
		{83ACFD67-95DF-4B5F-BC6C-55E04EE1BDD4}.Debug|Any CPU.Build.0 = Debug|x86
		{83ACFD67-95DF-4B5F-BC6C-55E04EE1BDD4}.Debug|x86.ActiveCfg = Debug|x86
		{83ACFD67-95DF-4B5F-BC6C-55E04EE1BDD4}.Debug|x86.Build.0 = Debug|x86
		{83ACFD67-95DF-4B5F-BC6C-55E04EE1BDD4}.Release|Any CPU.ActiveCfg = Release|x86
		{83ACFD67-95DF-4B5F-BC6C-55E04EE1BDD4}.Release|Any CPU.Build.0 = Release|x86
		{83ACFD67-95DF-4B5F-BC6C-55E04EE1BDD4}.Release|x86.ActiveCfg = Release|x86
		{83ACFD67-95DF-4B5F-BC6C-55E04EE1BDD4}.Release|x86.Build.0 = Release|x86
		{E8EE008B-F933-4361-A88D-422410D9FA2F}.Debug|Any CPU.ActiveCfg = Debug|x86
		{E8EE008B-F933-4361-A88D-422410D9FA2F}.Debug|Any CPU.Build.0 = Debug|x86
		{E8EE008B-F933-4361-A88D-422410D9FA2F}.Debug|x86.ActiveCfg = Debug|x86
		{E8EE008B-F933-4361-A88D-422410D9FA2F}.Debug|x86.Build.0 = Debug|x86
		{E8EE008B-F933-4361-A88D-422410D9FA2F}.Release|Any CPU.ActiveCfg = Release|x86
		{E8EE008B-F933-4361-A88D-422410D9FA2F}.Release|Any CPU.Build.0 = Release|x86
		{E8EE008B-F933-4361-A88D-422410D9FA2F}.Release|x86.ActiveCfg = Release|x86
		{E8EE008B-F933-4361-A88D-422410D9FA2F}.Release|x86.Build.0 = Release|x86
		{033EA957-8E86-406C-ABEF-FFBD90F3FA60}.Debug|Any CPU.ActiveCfg = Debug|x86
		{033EA957-8E86-406C-ABEF-FFBD90F3FA60}.Debug|Any CPU.Build.0 = Debug|x86
		{033EA957-8E86-406C-ABEF-FFBD90F3FA60}.Debug|x86.ActiveCfg = Debug|x86
		{033EA957-8E86-406C-ABEF-FFBD90F3FA60}.Debug|x86.Build.0 = Debug|x86
		{033EA957-8E86-406C-ABEF-FFBD90F3FA60}.Release|Any CPU.ActiveCfg = Release|x86
		{033EA957-8E86-406C-ABEF-FFBD90F3FA60}.Release|Any CPU.Build.0 = Release|x86
		{033EA957-8E86-406C-ABEF-FFBD90F3FA60}.Release|x86.ActiveCfg = Release|x86
		{033EA957-8E86-406C-ABEF-FFBD90F3FA60}.Release|x86.Build.0 = Release|x86
		{33AC2298-5C2F-42F4-8975-F1856F04BBAC}.Debug|Any CPU.ActiveCfg = Debug|x86
		{33AC2298-5C2F-42F4-8975-F1856F04BBAC}.Debug|Any CPU.Build.0 = Debug|x86
		{33AC2298-5C2F-42F4-8975-F1856F04BBAC}.Debug|x86.ActiveCfg = Debug|x86
		{33AC2298-5C2F-42F4-8975-F1856F04BBAC}.Debug|x86.Build.0 = Debug|x86
		{33AC2298-5C2F-42F4-8975-F1856F04BBAC}.Release|Any CPU.ActiveCfg = Release|x86
		{33AC2298-5C2F-42F4-8975-F1856F04BBAC}.Release|Any CPU.Build.0 = Release|x86
		{33AC2298-5C2F-42F4-8975-F1856F04BBAC}.Release|x86.ActiveCfg = Release|x86
		{33AC2298-5C2F-42F4-8975-F1856F04BBAC}.Release|x86.Build.0 = Release|x86
		{617D8AD9-B81C-4987-A05E-0F6F0A3D9B9D}.Debug|Any CPU.ActiveCfg = Debug|x86
		{617D8AD9-B81C-4987-A05E-0F6F0A3D9B9D}.Debug|Any CPU.Build.0 = Debug|x86
		{617D8AD9-B81C-4987-A05E-0F6F0A3D9B9D}.Debug|x86.ActiveCfg = Debug|x86
		{617D8AD9-B81C-4987-A05E-0F6F0A3D9B9D}.Debug|x86.Build.0 = Debug|x86
		{617D8AD9-B81C-4987-A05E-0F6F0A3D9B9D}.Release|Any CPU.ActiveCfg = Release|x86
		{617D8AD9-B81C-4987-A05E-0F6F0A3D9B9D}.Release|Any CPU.Build.0 = Release|x86
		{617D8AD9-B81C-4987-A05E-0F6F0A3D9B9D}.Release|x86.ActiveCfg = Release|x86
		{617D8AD9-B81C-4987-A05E-0F6F0A3D9B9D}.Release|x86.Build.0 = Release|x86
		{A8D5B539-4E1C-48F5-B813-B0FB015574EA}.Debug|Any CPU.ActiveCfg = Debug|x86
		{A8D5B539-4E1C-48F5-B813-B0FB015574EA}.Debug|Any CPU.Build.0 = Debug|x86
		{A8D5B539-4E1C-48F5-B813-B0FB015574EA}.Debug|x86.ActiveCfg = Debug|x86
		{A8D5B539-4E1C-48F5-B813-B0FB015574EA}.Debug|x86.Build.0 = Debug|x86
		{A8D5B539-4E1C-48F5-B813-B0FB015574EA}.Release|Any CPU.ActiveCfg = Release|x86
		{A8D5B539-4E1C-48F5-B813-B0FB015574EA}.Release|Any CPU.Build.0 = Release|x86
		{A8D5B539-4E1C-48F5-B813-B0FB015574EA}.Release|x86.ActiveCfg = Release|x86
		{A8D5B539-4E1C-48F5-B813-B0FB015574EA}.Release|x86.Build.0 = Release|x86
		{3C481B60-6336-47ED-92FA-BCAD7D40F5D6}.Debug|Any CPU.ActiveCfg = Debug|x86
		{3C481B60-6336-47ED-92FA-BCAD7D40F5D6}.Debug|Any CPU.Build.0 = Debug|x86
		{3C481B60-6336-47ED-92FA-BCAD7D40F5D6}.Debug|x86.ActiveCfg = Debug|x86
		{3C481B60-6336-47ED-92FA-BCAD7D40F5D6}.Debug|x86.Build.0 = Debug|x86
		{3C481B60-6336-47ED-92FA-BCAD7D40F5D6}.Release|Any CPU.ActiveCfg = Release|x86
		{3C481B60-6336-47ED-92FA-BCAD7D40F5D6}.Release|Any CPU.Build.0 = Release|x86
		{3C481B60-6336-47ED-92FA-BCAD7D40F5D6}.Release|x86.ActiveCfg = Release|x86
		{3C481B60-6336-47ED-92FA-BCAD7D40F5D6}.Release|x86.Build.0 = Release|x86
		{CFF49BBB-666D-4F53-B1E8-E427E77257A2}.Debug|Any CPU.ActiveCfg = Debug|x86
		{CFF49BBB-666D-4F53-B1E8-E427E77257A2}.Debug|Any CPU.Build.0 = Debug|x86
		{CFF49BBB-666D-4F53-B1E8-E427E77257A2}.Debug|x86.ActiveCfg = Debug|x86
		{CFF49BBB-666D-4F53-B1E8-E427E77257A2}.Debug|x86.Build.0 = Debug|x86
		{CFF49BBB-666D-4F53-B1E8-E427E77257A2}.Release|Any CPU.ActiveCfg = Release|x86
		{CFF49BBB-666D-4F53-B1E8-E427E77257A2}.Release|Any CPU.Build.0 = Release|x86
		{CFF49BBB-666D-4F53-B1E8-E427E77257A2}.Release|x86.ActiveCfg = Release|x86
		{CFF49BBB-666D-4F53-B1E8-E427E77257A2}.Release|x86.Build.0 = Release|x86
		{2715315E-BBCA-45F4-B40A-219EFF1F1063}.Debug|Any CPU.ActiveCfg = Debug|x86
		{2715315E-BBCA-45F4-B40A-219EFF1F1063}.Debug|Any CPU.Build.0 = Debug|x86
		{2715315E-BBCA-45F4-B40A-219EFF1F1063}.Debug|x86.ActiveCfg = Debug|x86
		{2715315E-BBCA-45F4-B40A-219EFF1F1063}.Debug|x86.Build.0 = Debug|x86
		{2715315E-BBCA-45F4-B40A-219EFF1F1063}.Release|Any CPU.ActiveCfg = Release|x86
		{2715315E-BBCA-45F4-B40A-219EFF1F1063}.Release|Any CPU.Build.0 = Release|x86
		{2715315E-BBCA-45F4-B40A-219EFF1F1063}.Release|x86.ActiveCfg = Release|x86
		{2715315E-BBCA-45F4-B40A-219EFF1F1063}.Release|x86.Build.0 = Release|x86
		{B3164049-5C5A-408F-8AA2-5240D3628320}.Debug|Any CPU.ActiveCfg = Debug|x86
		{B3164049-5C5A-408F-8AA2-5240D3628320}.Debug|Any CPU.Build.0 = Debug|x86
		{B3164049-5C5A-408F-8AA2-5240D3628320}.Debug|x86.ActiveCfg = Debug|x86
		{B3164049-5C5A-408F-8AA2-5240D3628320}.Debug|x86.Build.0 = Debug|x86
		{B3164049-5C5A-408F-8AA2-5240D3628320}.Release|Any CPU.ActiveCfg = Release|x86
		{B3164049-5C5A-408F-8AA2-5240D3628320}.Release|Any CPU.Build.0 = Release|x86
		{B3164049-5C5A-408F-8AA2-5240D3628320}.Release|x86.ActiveCfg = Release|x86
		{B3164049-5C5A-408F-8AA2-5240D3628320}.Release|x86.Build.0 = Release|x86
		{7C8C847C-E95C-499C-B170-C4E4C1F4AA82}.Debug|Any CPU.ActiveCfg = Debug|x86
		{7C8C847C-E95C-499C-B170-C4E4C1F4AA82}.Debug|Any CPU.Build.0 = Debug|x86
		{7C8C847C-E95C-499C-B170-C4E4C1F4AA82}.Debug|x86.ActiveCfg = Debug|x86
		{7C8C847C-E95C-499C-B170-C4E4C1F4AA82}.Debug|x86.Build.0 = Debug|x86
		{7C8C847C-E95C-499C-B170-C4E4C1F4AA82}.Release|Any CPU.ActiveCfg = Release|x86
		{7C8C847C-E95C-499C-B170-C4E4C1F4AA82}.Release|Any CPU.Build.0 = Release|x86
		{7C8C847C-E95C-499C-B170-C4E4C1F4AA82}.Release|x86.ActiveCfg = Release|x86
		{7C8C847C-E95C-499C-B170-C4E4C1F4AA82}.Release|x86.Build.0 = Release|x86
		{47510B6E-7687-4B52-BE07-AAA5226D6BD4}.Debug|Any CPU.ActiveCfg = Debug|x86
		{47510B6E-7687-4B52-BE07-AAA5226D6BD4}.Debug|Any CPU.Build.0 = Debug|x86
		{47510B6E-7687-4B52-BE07-AAA5226D6BD4}.Debug|x86.ActiveCfg = Debug|x86
		{47510B6E-7687-4B52-BE07-AAA5226D6BD4}.Debug|x86.Build.0 = Debug|x86
		{47510B6E-7687-4B52-BE07-AAA5226D6BD4}.Release|Any CPU.ActiveCfg = Release|x86
		{47510B6E-7687-4B52-BE07-AAA5226D6BD4}.Release|Any CPU.Build.0 = Release|x86
		{47510B6E-7687-4B52-BE07-AAA5226D6BD4}.Release|x86.ActiveCfg = Release|x86
		{47510B6E-7687-4B52-BE07-AAA5226D6BD4}.Release|x86.Build.0 = Release|x86
		{2ED42F02-EB23-41E4-B957-8A9AC482D713}.Debug|Any CPU.ActiveCfg = Debug|x86
		{2ED42F02-EB23-41E4-B957-8A9AC482D713}.Debug|Any CPU.Build.0 = Debug|x86
		{2ED42F02-EB23-41E4-B957-8A9AC482D713}.Debug|x86.ActiveCfg = Debug|x86
		{2ED42F02-EB23-41E4-B957-8A9AC482D713}.Debug|x86.Build.0 = Debug|x86
		{2ED42F02-EB23-41E4-B957-8A9AC482D713}.Release|Any CPU.ActiveCfg = Release|x86
		{2ED42F02-EB23-41E4-B957-8A9AC482D713}.Release|Any CPU.Build.0 = Release|x86
		{2ED42F02-EB23-41E4-B957-8A9AC482D713}.Release|x86.ActiveCfg = Release|x86
		{2ED42F02-EB23-41E4-B957-8A9AC482D713}.Release|x86.Build.0 = Release|x86
		{47F85D7A-9000-4A22-B6A1-B2907E37FD62}.Debug|Any CPU.ActiveCfg = Debug|x86
		{47F85D7A-9000-4A22-B6A1-B2907E37FD62}.Debug|Any CPU.Build.0 = Debug|x86
		{47F85D7A-9000-4A22-B6A1-B2907E37FD62}.Debug|x86.ActiveCfg = Debug|x86
		{47F85D7A-9000-4A22-B6A1-B2907E37FD62}.Debug|x86.Build.0 = Debug|x86
		{47F85D7A-9000-4A22-B6A1-B2907E37FD62}.Release|Any CPU.ActiveCfg = Release|x86
		{47F85D7A-9000-4A22-B6A1-B2907E37FD62}.Release|Any CPU.Build.0 = Release|x86
		{47F85D7A-9000-4A22-B6A1-B2907E37FD62}.Release|x86.ActiveCfg = Release|x86
		{47F85D7A-9000-4A22-B6A1-B2907E37FD62}.Release|x86.Build.0 = Release|x86
		{B5BB94DC-FB4B-40AE-B9C1-070784404E78}.Debug|Any CPU.ActiveCfg = Debug|x86
		{B5BB94DC-FB4B-40AE-B9C1-070784404E78}.Debug|Any CPU.Build.0 = Debug|x86
		{B5BB94DC-FB4B-40AE-B9C1-070784404E78}.Debug|x86.ActiveCfg = Debug|x86
		{B5BB94DC-FB4B-40AE-B9C1-070784404E78}.Debug|x86.Build.0 = Debug|x86
		{B5BB94DC-FB4B-40AE-B9C1-070784404E78}.Release|Any CPU.ActiveCfg = Release|x86
		{B5BB94DC-FB4B-40AE-B9C1-070784404E78}.Release|Any CPU.Build.0 = Release|x86
		{B5BB94DC-FB4B-40AE-B9C1-070784404E78}.Release|x86.ActiveCfg = Release|x86
		{B5BB94DC-FB4B-40AE-B9C1-070784404E78}.Release|x86.Build.0 = Release|x86
		{A9D46506-2B26-4F4D-ADD4-22BAA83B488A}.Debug|Any CPU.ActiveCfg = Debug|x86
		{A9D46506-2B26-4F4D-ADD4-22BAA83B488A}.Debug|Any CPU.Build.0 = Debug|x86
		{A9D46506-2B26-4F4D-ADD4-22BAA83B488A}.Debug|x86.ActiveCfg = Debug|x86
		{A9D46506-2B26-4F4D-ADD4-22BAA83B488A}.Debug|x86.Build.0 = Debug|x86
		{A9D46506-2B26-4F4D-ADD4-22BAA83B488A}.Release|Any CPU.ActiveCfg = Release|x86
		{A9D46506-2B26-4F4D-ADD4-22BAA83B488A}.Release|Any CPU.Build.0 = Release|x86
		{A9D46506-2B26-4F4D-ADD4-22BAA83B488A}.Release|x86.ActiveCfg = Release|x86
		{A9D46506-2B26-4F4D-ADD4-22BAA83B488A}.Release|x86.Build.0 = Release|x86
		{A27765FA-FDB8-4458-8C95-1DC971E6DA86}.Debug|Any CPU.ActiveCfg = Debug|x86
		{A27765FA-FDB8-4458-8C95-1DC971E6DA86}.Debug|Any CPU.Build.0 = Debug|x86
		{A27765FA-FDB8-4458-8C95-1DC971E6DA86}.Debug|x86.ActiveCfg = Debug|x86
		{A27765FA-FDB8-4458-8C95-1DC971E6DA86}.Debug|x86.Build.0 = Debug|x86
		{A27765FA-FDB8-4458-8C95-1DC971E6DA86}.Release|Any CPU.ActiveCfg = Release|x86
		{A27765FA-FDB8-4458-8C95-1DC971E6DA86}.Release|Any CPU.Build.0 = Release|x86
		{A27765FA-FDB8-4458-8C95-1DC971E6DA86}.Release|x86.ActiveCfg = Release|x86
		{A27765FA-FDB8-4458-8C95-1DC971E6DA86}.Release|x86.Build.0 = Release|x86
		{6FBF412A-1934-4486-8874-6A62B43F63A1}.Debug|Any CPU.ActiveCfg = Debug|x86
		{6FBF412A-1934-4486-8874-6A62B43F63A1}.Debug|Any CPU.Build.0 = Debug|x86
		{6FBF412A-1934-4486-8874-6A62B43F63A1}.Debug|x86.ActiveCfg = Debug|x86
		{6FBF412A-1934-4486-8874-6A62B43F63A1}.Debug|x86.Build.0 = Debug|x86
		{6FBF412A-1934-4486-8874-6A62B43F63A1}.Release|Any CPU.ActiveCfg = Release|x86
		{6FBF412A-1934-4486-8874-6A62B43F63A1}.Release|Any CPU.Build.0 = Release|x86
		{6FBF412A-1934-4486-8874-6A62B43F63A1}.Release|x86.ActiveCfg = Release|x86
		{6FBF412A-1934-4486-8874-6A62B43F63A1}.Release|x86.Build.0 = Release|x86
		{C347911B-5F5C-4850-BD1F-8164AE810B2D}.Debug|Any CPU.ActiveCfg = Debug|x86
		{C347911B-5F5C-4850-BD1F-8164AE810B2D}.Debug|Any CPU.Build.0 = Debug|x86
		{C347911B-5F5C-4850-BD1F-8164AE810B2D}.Debug|x86.ActiveCfg = Debug|x86
		{C347911B-5F5C-4850-BD1F-8164AE810B2D}.Debug|x86.Build.0 = Debug|x86
		{C347911B-5F5C-4850-BD1F-8164AE810B2D}.Release|Any CPU.ActiveCfg = Release|x86
		{C347911B-5F5C-4850-BD1F-8164AE810B2D}.Release|Any CPU.Build.0 = Release|x86
		{C347911B-5F5C-4850-BD1F-8164AE810B2D}.Release|x86.ActiveCfg = Release|x86
		{C347911B-5F5C-4850-BD1F-8164AE810B2D}.Release|x86.Build.0 = Release|x86
		{04F62EEC-E0B2-4C8D-B8F1-43CF0090D0AE}.Debug|Any CPU.ActiveCfg = Debug|x86
		{04F62EEC-E0B2-4C8D-B8F1-43CF0090D0AE}.Debug|Any CPU.Build.0 = Debug|x86
		{04F62EEC-E0B2-4C8D-B8F1-43CF0090D0AE}.Debug|x86.ActiveCfg = Debug|x86
		{04F62EEC-E0B2-4C8D-B8F1-43CF0090D0AE}.Debug|x86.Build.0 = Debug|x86
		{04F62EEC-E0B2-4C8D-B8F1-43CF0090D0AE}.Release|Any CPU.ActiveCfg = Release|x86
		{04F62EEC-E0B2-4C8D-B8F1-43CF0090D0AE}.Release|Any CPU.Build.0 = Release|x86
		{04F62EEC-E0B2-4C8D-B8F1-43CF0090D0AE}.Release|x86.ActiveCfg = Release|x86
		{04F62EEC-E0B2-4C8D-B8F1-43CF0090D0AE}.Release|x86.Build.0 = Release|x86
		{5AF9C07A-273F-428E-ACFC-62929D537EDD}.Debug|Any CPU.ActiveCfg = Debug|x86
		{5AF9C07A-273F-428E-ACFC-62929D537EDD}.Debug|Any CPU.Build.0 = Debug|x86
		{5AF9C07A-273F-428E-ACFC-62929D537EDD}.Debug|x86.ActiveCfg = Debug|x86
		{5AF9C07A-273F-428E-ACFC-62929D537EDD}.Debug|x86.Build.0 = Debug|x86
		{5AF9C07A-273F-428E-ACFC-62929D537EDD}.Release|Any CPU.ActiveCfg = Release|x86
		{5AF9C07A-273F-428E-ACFC-62929D537EDD}.Release|Any CPU.Build.0 = Release|x86
		{5AF9C07A-273F-428E-ACFC-62929D537EDD}.Release|x86.ActiveCfg = Release|x86
		{5AF9C07A-273F-428E-ACFC-62929D537EDD}.Release|x86.Build.0 = Release|x86
		{D9F59E4D-756F-436F-A547-F9226D819BE7}.Debug|Any CPU.ActiveCfg = Debug|x86
		{D9F59E4D-756F-436F-A547-F9226D819BE7}.Debug|Any CPU.Build.0 = Debug|x86
		{D9F59E4D-756F-436F-A547-F9226D819BE7}.Debug|x86.ActiveCfg = Debug|x86
		{D9F59E4D-756F-436F-A547-F9226D819BE7}.Debug|x86.Build.0 = Debug|x86
		{D9F59E4D-756F-436F-A547-F9226D819BE7}.Release|Any CPU.ActiveCfg = Release|x86
		{D9F59E4D-756F-436F-A547-F9226D819BE7}.Release|Any CPU.Build.0 = Release|x86
		{D9F59E4D-756F-436F-A547-F9226D819BE7}.Release|x86.ActiveCfg = Release|x86
		{D9F59E4D-756F-436F-A547-F9226D819BE7}.Release|x86.Build.0 = Release|x86
		{3DA0FE59-74B9-4D17-8889-336C6324194D}.Debug|Any CPU.ActiveCfg = Debug|x86
		{3DA0FE59-74B9-4D17-8889-336C6324194D}.Debug|Any CPU.Build.0 = Debug|x86
		{3DA0FE59-74B9-4D17-8889-336C6324194D}.Debug|x86.ActiveCfg = Debug|x86
		{3DA0FE59-74B9-4D17-8889-336C6324194D}.Debug|x86.Build.0 = Debug|x86
		{3DA0FE59-74B9-4D17-8889-336C6324194D}.Release|Any CPU.ActiveCfg = Release|x86
		{3DA0FE59-74B9-4D17-8889-336C6324194D}.Release|Any CPU.Build.0 = Release|x86
		{3DA0FE59-74B9-4D17-8889-336C6324194D}.Release|x86.ActiveCfg = Release|x86
		{3DA0FE59-74B9-4D17-8889-336C6324194D}.Release|x86.Build.0 = Release|x86
		{B747E196-C4DD-4879-BF40-9082F30BB86B}.Debug|Any CPU.ActiveCfg = Debug|x86
		{B747E196-C4DD-4879-BF40-9082F30BB86B}.Debug|Any CPU.Build.0 = Debug|x86
		{B747E196-C4DD-4879-BF40-9082F30BB86B}.Debug|x86.ActiveCfg = Debug|x86
		{B747E196-C4DD-4879-BF40-9082F30BB86B}.Debug|x86.Build.0 = Debug|x86
		{B747E196-C4DD-4879-BF40-9082F30BB86B}.Release|Any CPU.ActiveCfg = Release|x86
		{B747E196-C4DD-4879-BF40-9082F30BB86B}.Release|Any CPU.Build.0 = Release|x86
		{B747E196-C4DD-4879-BF40-9082F30BB86B}.Release|x86.ActiveCfg = Release|x86
		{B747E196-C4DD-4879-BF40-9082F30BB86B}.Release|x86.Build.0 = Release|x86
		{31403A46-B62A-4AD6-AEF7-74D68A95C802}.Debug|Any CPU.ActiveCfg = Debug|x86
		{31403A46-B62A-4AD6-AEF7-74D68A95C802}.Debug|Any CPU.Build.0 = Debug|x86
		{31403A46-B62A-4AD6-AEF7-74D68A95C802}.Debug|x86.ActiveCfg = Debug|x86
		{31403A46-B62A-4AD6-AEF7-74D68A95C802}.Debug|x86.Build.0 = Debug|x86
		{31403A46-B62A-4AD6-AEF7-74D68A95C802}.Release|Any CPU.ActiveCfg = Release|x86
		{31403A46-B62A-4AD6-AEF7-74D68A95C802}.Release|Any CPU.Build.0 = Release|x86
		{31403A46-B62A-4AD6-AEF7-74D68A95C802}.Release|x86.ActiveCfg = Release|x86
		{31403A46-B62A-4AD6-AEF7-74D68A95C802}.Release|x86.Build.0 = Release|x86
		{98725710-98E9-4085-9D7F-B76441687807}.Debug|Any CPU.ActiveCfg = Debug|x86
		{98725710-98E9-4085-9D7F-B76441687807}.Debug|Any CPU.Build.0 = Debug|x86
		{98725710-98E9-4085-9D7F-B76441687807}.Debug|x86.ActiveCfg = Debug|x86
		{98725710-98E9-4085-9D7F-B76441687807}.Debug|x86.Build.0 = Debug|x86
		{98725710-98E9-4085-9D7F-B76441687807}.Release|Any CPU.ActiveCfg = Release|x86
		{98725710-98E9-4085-9D7F-B76441687807}.Release|Any CPU.Build.0 = Release|x86
		{98725710-98E9-4085-9D7F-B76441687807}.Release|x86.ActiveCfg = Release|x86
		{98725710-98E9-4085-9D7F-B76441687807}.Release|x86.Build.0 = Release|x86
		{FD212E0D-99C3-4A02-B225-6088E072E3D6}.Debug|Any CPU.ActiveCfg = Debug|x86
		{FD212E0D-99C3-4A02-B225-6088E072E3D6}.Debug|Any CPU.Build.0 = Debug|x86
		{FD212E0D-99C3-4A02-B225-6088E072E3D6}.Debug|x86.ActiveCfg = Debug|x86
		{FD212E0D-99C3-4A02-B225-6088E072E3D6}.Debug|x86.Build.0 = Debug|x86
		{FD212E0D-99C3-4A02-B225-6088E072E3D6}.Release|Any CPU.ActiveCfg = Release|x86
		{FD212E0D-99C3-4A02-B225-6088E072E3D6}.Release|Any CPU.Build.0 = Release|x86
		{FD212E0D-99C3-4A02-B225-6088E072E3D6}.Release|x86.ActiveCfg = Release|x86
		{FD212E0D-99C3-4A02-B225-6088E072E3D6}.Release|x86.Build.0 = Release|x86
		{C96BD3EB-61AB-458B-987F-221E0E35EB40}.Debug|Any CPU.ActiveCfg = Debug|x86
		{C96BD3EB-61AB-458B-987F-221E0E35EB40}.Debug|Any CPU.Build.0 = Debug|x86
		{C96BD3EB-61AB-458B-987F-221E0E35EB40}.Debug|x86.ActiveCfg = Debug|x86
		{C96BD3EB-61AB-458B-987F-221E0E35EB40}.Debug|x86.Build.0 = Debug|x86
		{C96BD3EB-61AB-458B-987F-221E0E35EB40}.Release|Any CPU.ActiveCfg = Release|x86
		{C96BD3EB-61AB-458B-987F-221E0E35EB40}.Release|Any CPU.Build.0 = Release|x86
		{C96BD3EB-61AB-458B-987F-221E0E35EB40}.Release|x86.ActiveCfg = Release|x86
		{C96BD3EB-61AB-458B-987F-221E0E35EB40}.Release|x86.Build.0 = Release|x86
		{2B8B89DC-C395-418A-8B6A-6088564D5386}.Debug|Any CPU.ActiveCfg = Debug|x86
		{2B8B89DC-C395-418A-8B6A-6088564D5386}.Debug|Any CPU.Build.0 = Debug|x86
		{2B8B89DC-C395-418A-8B6A-6088564D5386}.Debug|x86.ActiveCfg = Debug|x86
		{2B8B89DC-C395-418A-8B6A-6088564D5386}.Debug|x86.Build.0 = Debug|x86
		{2B8B89DC-C395-418A-8B6A-6088564D5386}.Release|Any CPU.ActiveCfg = Release|x86
		{2B8B89DC-C395-418A-8B6A-6088564D5386}.Release|Any CPU.Build.0 = Release|x86
		{2B8B89DC-C395-418A-8B6A-6088564D5386}.Release|x86.ActiveCfg = Release|x86
		{2B8B89DC-C395-418A-8B6A-6088564D5386}.Release|x86.Build.0 = Release|x86
		{385234CD-EA99-4F84-BBF4-ADE9843C0507}.Debug|Any CPU.ActiveCfg = Debug|x86
		{385234CD-EA99-4F84-BBF4-ADE9843C0507}.Debug|Any CPU.Build.0 = Debug|x86
		{385234CD-EA99-4F84-BBF4-ADE9843C0507}.Debug|x86.ActiveCfg = Debug|x86
		{385234CD-EA99-4F84-BBF4-ADE9843C0507}.Debug|x86.Build.0 = Debug|x86
		{385234CD-EA99-4F84-BBF4-ADE9843C0507}.Release|Any CPU.ActiveCfg = Release|x86
		{385234CD-EA99-4F84-BBF4-ADE9843C0507}.Release|Any CPU.Build.0 = Release|x86
		{385234CD-EA99-4F84-BBF4-ADE9843C0507}.Release|x86.ActiveCfg = Release|x86
		{385234CD-EA99-4F84-BBF4-ADE9843C0507}.Release|x86.Build.0 = Release|x86
		{F54C1E36-48E1-46C3-88EB-70BDAE815DD0}.Debug|Any CPU.ActiveCfg = Debug|x86
		{F54C1E36-48E1-46C3-88EB-70BDAE815DD0}.Debug|Any CPU.Build.0 = Debug|x86
		{F54C1E36-48E1-46C3-88EB-70BDAE815DD0}.Debug|x86.ActiveCfg = Debug|x86
		{F54C1E36-48E1-46C3-88EB-70BDAE815DD0}.Debug|x86.Build.0 = Debug|x86
		{F54C1E36-48E1-46C3-88EB-70BDAE815DD0}.Release|Any CPU.ActiveCfg = Release|x86
		{F54C1E36-48E1-46C3-88EB-70BDAE815DD0}.Release|Any CPU.Build.0 = Release|x86
		{F54C1E36-48E1-46C3-88EB-70BDAE815DD0}.Release|x86.ActiveCfg = Release|x86
		{F54C1E36-48E1-46C3-88EB-70BDAE815DD0}.Release|x86.Build.0 = Release|x86
		{5EF06A9F-5043-4620-A098-1673AEC8D1C2}.Debug|Any CPU.ActiveCfg = Debug|x86
		{5EF06A9F-5043-4620-A098-1673AEC8D1C2}.Debug|Any CPU.Build.0 = Debug|x86
		{5EF06A9F-5043-4620-A098-1673AEC8D1C2}.Debug|x86.ActiveCfg = Debug|x86
		{5EF06A9F-5043-4620-A098-1673AEC8D1C2}.Debug|x86.Build.0 = Debug|x86
		{5EF06A9F-5043-4620-A098-1673AEC8D1C2}.Release|Any CPU.ActiveCfg = Release|x86
		{5EF06A9F-5043-4620-A098-1673AEC8D1C2}.Release|Any CPU.Build.0 = Release|x86
		{5EF06A9F-5043-4620-A098-1673AEC8D1C2}.Release|x86.ActiveCfg = Release|x86
		{5EF06A9F-5043-4620-A098-1673AEC8D1C2}.Release|x86.Build.0 = Release|x86
		{8F0B65A4-3BA1-4508-90AB-B4B3A7681E93}.Debug|Any CPU.ActiveCfg = Debug|x86
		{8F0B65A4-3BA1-4508-90AB-B4B3A7681E93}.Debug|Any CPU.Build.0 = Debug|x86
		{8F0B65A4-3BA1-4508-90AB-B4B3A7681E93}.Debug|x86.ActiveCfg = Debug|x86
		{8F0B65A4-3BA1-4508-90AB-B4B3A7681E93}.Debug|x86.Build.0 = Debug|x86
		{8F0B65A4-3BA1-4508-90AB-B4B3A7681E93}.Release|Any CPU.ActiveCfg = Release|x86
		{8F0B65A4-3BA1-4508-90AB-B4B3A7681E93}.Release|Any CPU.Build.0 = Release|x86
		{8F0B65A4-3BA1-4508-90AB-B4B3A7681E93}.Release|x86.ActiveCfg = Release|x86
		{8F0B65A4-3BA1-4508-90AB-B4B3A7681E93}.Release|x86.Build.0 = Release|x86
		{8AF9330D-D4A8-4816-97FE-330A91009C45}.Debug|Any CPU.ActiveCfg = Debug|x86
		{8AF9330D-D4A8-4816-97FE-330A91009C45}.Debug|Any CPU.Build.0 = Debug|x86
		{8AF9330D-D4A8-4816-97FE-330A91009C45}.Debug|x86.ActiveCfg = Debug|x86
		{8AF9330D-D4A8-4816-97FE-330A91009C45}.Debug|x86.Build.0 = Debug|x86
		{8AF9330D-D4A8-4816-97FE-330A91009C45}.Release|Any CPU.ActiveCfg = Release|x86
		{8AF9330D-D4A8-4816-97FE-330A91009C45}.Release|Any CPU.Build.0 = Release|x86
		{8AF9330D-D4A8-4816-97FE-330A91009C45}.Release|x86.ActiveCfg = Release|x86
		{8AF9330D-D4A8-4816-97FE-330A91009C45}.Release|x86.Build.0 = Release|x86
		{C90CD988-FABC-4153-973C-B1EECDD77BE3}.Debug|Any CPU.ActiveCfg = Debug|Any CPU
		{C90CD988-FABC-4153-973C-B1EECDD77BE3}.Debug|Any CPU.Build.0 = Debug|Any CPU
		{C90CD988-FABC-4153-973C-B1EECDD77BE3}.Debug|x86.ActiveCfg = Debug|Any CPU
		{C90CD988-FABC-4153-973C-B1EECDD77BE3}.Debug|x86.Build.0 = Debug|Any CPU
		{C90CD988-FABC-4153-973C-B1EECDD77BE3}.Release|Any CPU.ActiveCfg = Release|Any CPU
		{C90CD988-FABC-4153-973C-B1EECDD77BE3}.Release|Any CPU.Build.0 = Release|Any CPU
		{C90CD988-FABC-4153-973C-B1EECDD77BE3}.Release|x86.ActiveCfg = Release|Any CPU
		{C90CD988-FABC-4153-973C-B1EECDD77BE3}.Release|x86.Build.0 = Release|Any CPU
		{BA16AE4E-E586-4938-AF4B-3812F477EAF0}.Debug|Any CPU.ActiveCfg = Debug|x86
		{BA16AE4E-E586-4938-AF4B-3812F477EAF0}.Debug|Any CPU.Build.0 = Debug|x86
		{BA16AE4E-E586-4938-AF4B-3812F477EAF0}.Debug|x86.ActiveCfg = Debug|x86
		{BA16AE4E-E586-4938-AF4B-3812F477EAF0}.Debug|x86.Build.0 = Debug|x86
		{BA16AE4E-E586-4938-AF4B-3812F477EAF0}.Release|Any CPU.ActiveCfg = Release|x86
		{BA16AE4E-E586-4938-AF4B-3812F477EAF0}.Release|Any CPU.Build.0 = Release|x86
		{BA16AE4E-E586-4938-AF4B-3812F477EAF0}.Release|x86.ActiveCfg = Release|x86
		{BA16AE4E-E586-4938-AF4B-3812F477EAF0}.Release|x86.Build.0 = Release|x86
		{004C6646-E812-4128-8047-0B597D44B7EC}.Debug|Any CPU.ActiveCfg = Debug|Any CPU
		{004C6646-E812-4128-8047-0B597D44B7EC}.Debug|Any CPU.Build.0 = Debug|Any CPU
		{004C6646-E812-4128-8047-0B597D44B7EC}.Debug|x86.ActiveCfg = Debug|Any CPU
		{004C6646-E812-4128-8047-0B597D44B7EC}.Debug|x86.Build.0 = Debug|Any CPU
		{004C6646-E812-4128-8047-0B597D44B7EC}.Release|Any CPU.ActiveCfg = Release|Any CPU
		{004C6646-E812-4128-8047-0B597D44B7EC}.Release|Any CPU.Build.0 = Release|Any CPU
		{004C6646-E812-4128-8047-0B597D44B7EC}.Release|x86.ActiveCfg = Release|Any CPU
		{004C6646-E812-4128-8047-0B597D44B7EC}.Release|x86.Build.0 = Release|Any CPU
		{406CFC86-E898-472B-86FA-24346F477F62}.Debug|Any CPU.ActiveCfg = Debug|x86
		{406CFC86-E898-472B-86FA-24346F477F62}.Debug|Any CPU.Build.0 = Debug|x86
		{406CFC86-E898-472B-86FA-24346F477F62}.Debug|x86.ActiveCfg = Debug|x86
		{406CFC86-E898-472B-86FA-24346F477F62}.Debug|x86.Build.0 = Debug|x86
		{406CFC86-E898-472B-86FA-24346F477F62}.Release|Any CPU.ActiveCfg = Release|x86
		{406CFC86-E898-472B-86FA-24346F477F62}.Release|Any CPU.Build.0 = Release|x86
		{406CFC86-E898-472B-86FA-24346F477F62}.Release|x86.ActiveCfg = Release|x86
		{406CFC86-E898-472B-86FA-24346F477F62}.Release|x86.Build.0 = Release|x86
		{858DAB0A-42C2-41CF-931C-5A4C8FA14B0B}.Debug|Any CPU.ActiveCfg = Debug|x86
		{858DAB0A-42C2-41CF-931C-5A4C8FA14B0B}.Debug|Any CPU.Build.0 = Debug|x86
		{858DAB0A-42C2-41CF-931C-5A4C8FA14B0B}.Debug|x86.ActiveCfg = Debug|x86
		{858DAB0A-42C2-41CF-931C-5A4C8FA14B0B}.Debug|x86.Build.0 = Debug|x86
		{858DAB0A-42C2-41CF-931C-5A4C8FA14B0B}.Release|Any CPU.ActiveCfg = Release|x86
		{858DAB0A-42C2-41CF-931C-5A4C8FA14B0B}.Release|Any CPU.Build.0 = Release|x86
		{858DAB0A-42C2-41CF-931C-5A4C8FA14B0B}.Release|x86.ActiveCfg = Release|x86
		{858DAB0A-42C2-41CF-931C-5A4C8FA14B0B}.Release|x86.Build.0 = Release|x86
		{4A16DE61-9758-495A-9230-76A8756B5AB5}.Debug|Any CPU.ActiveCfg = Debug|Any CPU
		{4A16DE61-9758-495A-9230-76A8756B5AB5}.Debug|Any CPU.Build.0 = Debug|Any CPU
		{4A16DE61-9758-495A-9230-76A8756B5AB5}.Debug|x86.ActiveCfg = Debug|Any CPU
		{4A16DE61-9758-495A-9230-76A8756B5AB5}.Debug|x86.Build.0 = Debug|Any CPU
		{4A16DE61-9758-495A-9230-76A8756B5AB5}.Release|Any CPU.ActiveCfg = Release|Any CPU
		{4A16DE61-9758-495A-9230-76A8756B5AB5}.Release|Any CPU.Build.0 = Release|Any CPU
		{4A16DE61-9758-495A-9230-76A8756B5AB5}.Release|x86.ActiveCfg = Release|Any CPU
		{4A16DE61-9758-495A-9230-76A8756B5AB5}.Release|x86.Build.0 = Release|Any CPU
		{C9306C1D-5D7F-4B1E-86D8-3F2A5E1B1907}.Debug|Any CPU.ActiveCfg = Debug|Any CPU
		{C9306C1D-5D7F-4B1E-86D8-3F2A5E1B1907}.Debug|Any CPU.Build.0 = Debug|Any CPU
		{C9306C1D-5D7F-4B1E-86D8-3F2A5E1B1907}.Debug|x86.ActiveCfg = Debug|Any CPU
		{C9306C1D-5D7F-4B1E-86D8-3F2A5E1B1907}.Debug|x86.Build.0 = Debug|Any CPU
		{C9306C1D-5D7F-4B1E-86D8-3F2A5E1B1907}.Release|Any CPU.ActiveCfg = Release|Any CPU
		{C9306C1D-5D7F-4B1E-86D8-3F2A5E1B1907}.Release|Any CPU.Build.0 = Release|Any CPU
		{C9306C1D-5D7F-4B1E-86D8-3F2A5E1B1907}.Release|x86.ActiveCfg = Release|Any CPU
		{C9306C1D-5D7F-4B1E-86D8-3F2A5E1B1907}.Release|x86.Build.0 = Release|Any CPU
		{7DFDD600-A5ED-43AC-ACA9-1F3BFF28B99B}.Debug|Any CPU.ActiveCfg = Debug|Any CPU
		{7DFDD600-A5ED-43AC-ACA9-1F3BFF28B99B}.Debug|Any CPU.Build.0 = Debug|Any CPU
		{7DFDD600-A5ED-43AC-ACA9-1F3BFF28B99B}.Debug|x86.ActiveCfg = Debug|Any CPU
		{7DFDD600-A5ED-43AC-ACA9-1F3BFF28B99B}.Debug|x86.Build.0 = Debug|Any CPU
		{7DFDD600-A5ED-43AC-ACA9-1F3BFF28B99B}.Release|Any CPU.ActiveCfg = Release|Any CPU
		{7DFDD600-A5ED-43AC-ACA9-1F3BFF28B99B}.Release|Any CPU.Build.0 = Release|Any CPU
		{7DFDD600-A5ED-43AC-ACA9-1F3BFF28B99B}.Release|x86.ActiveCfg = Release|Any CPU
		{7DFDD600-A5ED-43AC-ACA9-1F3BFF28B99B}.Release|x86.Build.0 = Release|Any CPU
		{33CBCF4F-B253-4B07-ABF1-4178E08DFC35}.Debug|Any CPU.ActiveCfg = Debug|Any CPU
		{33CBCF4F-B253-4B07-ABF1-4178E08DFC35}.Debug|Any CPU.Build.0 = Debug|Any CPU
		{33CBCF4F-B253-4B07-ABF1-4178E08DFC35}.Debug|x86.ActiveCfg = Debug|Any CPU
		{33CBCF4F-B253-4B07-ABF1-4178E08DFC35}.Debug|x86.Build.0 = Debug|Any CPU
		{33CBCF4F-B253-4B07-ABF1-4178E08DFC35}.Release|Any CPU.ActiveCfg = Release|Any CPU
		{33CBCF4F-B253-4B07-ABF1-4178E08DFC35}.Release|Any CPU.Build.0 = Release|Any CPU
		{33CBCF4F-B253-4B07-ABF1-4178E08DFC35}.Release|x86.ActiveCfg = Release|Any CPU
		{33CBCF4F-B253-4B07-ABF1-4178E08DFC35}.Release|x86.Build.0 = Release|Any CPU
		{EC0F687A-0DFE-441D-9D43-460C2E88E58F}.Debug|Any CPU.ActiveCfg = Debug|Any CPU
		{EC0F687A-0DFE-441D-9D43-460C2E88E58F}.Debug|Any CPU.Build.0 = Debug|Any CPU
		{EC0F687A-0DFE-441D-9D43-460C2E88E58F}.Debug|x86.ActiveCfg = Debug|Any CPU
		{EC0F687A-0DFE-441D-9D43-460C2E88E58F}.Debug|x86.Build.0 = Debug|Any CPU
		{EC0F687A-0DFE-441D-9D43-460C2E88E58F}.Release|Any CPU.ActiveCfg = Release|Any CPU
		{EC0F687A-0DFE-441D-9D43-460C2E88E58F}.Release|Any CPU.Build.0 = Release|Any CPU
		{EC0F687A-0DFE-441D-9D43-460C2E88E58F}.Release|x86.ActiveCfg = Release|Any CPU
		{EC0F687A-0DFE-441D-9D43-460C2E88E58F}.Release|x86.Build.0 = Release|Any CPU
		{118E7F38-3F24-42D9-9813-738D43288AAC}.Debug|Any CPU.ActiveCfg = Debug|Any CPU
		{118E7F38-3F24-42D9-9813-738D43288AAC}.Debug|Any CPU.Build.0 = Debug|Any CPU
		{118E7F38-3F24-42D9-9813-738D43288AAC}.Debug|x86.ActiveCfg = Debug|Any CPU
		{118E7F38-3F24-42D9-9813-738D43288AAC}.Debug|x86.Build.0 = Debug|Any CPU
		{118E7F38-3F24-42D9-9813-738D43288AAC}.Release|Any CPU.ActiveCfg = Release|Any CPU
		{118E7F38-3F24-42D9-9813-738D43288AAC}.Release|Any CPU.Build.0 = Release|Any CPU
		{118E7F38-3F24-42D9-9813-738D43288AAC}.Release|x86.ActiveCfg = Release|Any CPU
		{118E7F38-3F24-42D9-9813-738D43288AAC}.Release|x86.Build.0 = Release|Any CPU
		{6214A6D1-4C80-4CF6-8275-F58ECB0CD5F5}.Debug|Any CPU.ActiveCfg = Debug|Any CPU
		{6214A6D1-4C80-4CF6-8275-F58ECB0CD5F5}.Debug|Any CPU.Build.0 = Debug|Any CPU
		{6214A6D1-4C80-4CF6-8275-F58ECB0CD5F5}.Debug|x86.ActiveCfg = Debug|Any CPU
		{6214A6D1-4C80-4CF6-8275-F58ECB0CD5F5}.Debug|x86.Build.0 = Debug|Any CPU
		{6214A6D1-4C80-4CF6-8275-F58ECB0CD5F5}.Release|Any CPU.ActiveCfg = Release|Any CPU
		{6214A6D1-4C80-4CF6-8275-F58ECB0CD5F5}.Release|Any CPU.Build.0 = Release|Any CPU
		{6214A6D1-4C80-4CF6-8275-F58ECB0CD5F5}.Release|x86.ActiveCfg = Release|Any CPU
		{6214A6D1-4C80-4CF6-8275-F58ECB0CD5F5}.Release|x86.Build.0 = Release|Any CPU
		{7E4B838F-0E83-4432-842B-033DE8DBE1F6}.Debug|Any CPU.ActiveCfg = Debug|Any CPU
		{7E4B838F-0E83-4432-842B-033DE8DBE1F6}.Debug|Any CPU.Build.0 = Debug|Any CPU
		{7E4B838F-0E83-4432-842B-033DE8DBE1F6}.Debug|x86.ActiveCfg = Debug|Any CPU
		{7E4B838F-0E83-4432-842B-033DE8DBE1F6}.Debug|x86.Build.0 = Debug|Any CPU
		{7E4B838F-0E83-4432-842B-033DE8DBE1F6}.Release|Any CPU.ActiveCfg = Release|Any CPU
		{7E4B838F-0E83-4432-842B-033DE8DBE1F6}.Release|Any CPU.Build.0 = Release|Any CPU
		{7E4B838F-0E83-4432-842B-033DE8DBE1F6}.Release|x86.ActiveCfg = Release|Any CPU
		{7E4B838F-0E83-4432-842B-033DE8DBE1F6}.Release|x86.Build.0 = Release|Any CPU
		{47B36354-FF06-4500-B24E-F38F86C73251}.Debug|Any CPU.ActiveCfg = Debug|Any CPU
		{47B36354-FF06-4500-B24E-F38F86C73251}.Debug|Any CPU.Build.0 = Debug|Any CPU
		{47B36354-FF06-4500-B24E-F38F86C73251}.Debug|x86.ActiveCfg = Debug|Any CPU
		{47B36354-FF06-4500-B24E-F38F86C73251}.Debug|x86.Build.0 = Debug|Any CPU
		{47B36354-FF06-4500-B24E-F38F86C73251}.Release|Any CPU.ActiveCfg = Release|Any CPU
		{47B36354-FF06-4500-B24E-F38F86C73251}.Release|Any CPU.Build.0 = Release|Any CPU
		{47B36354-FF06-4500-B24E-F38F86C73251}.Release|x86.ActiveCfg = Release|Any CPU
		{47B36354-FF06-4500-B24E-F38F86C73251}.Release|x86.Build.0 = Release|Any CPU
		{C530BBB1-9A45-4EAF-BFDC-CD49BDF2D23B}.Debug|Any CPU.ActiveCfg = Debug|Any CPU
		{C530BBB1-9A45-4EAF-BFDC-CD49BDF2D23B}.Debug|Any CPU.Build.0 = Debug|Any CPU
		{C530BBB1-9A45-4EAF-BFDC-CD49BDF2D23B}.Debug|x86.ActiveCfg = Debug|Any CPU
		{C530BBB1-9A45-4EAF-BFDC-CD49BDF2D23B}.Debug|x86.Build.0 = Debug|Any CPU
		{C530BBB1-9A45-4EAF-BFDC-CD49BDF2D23B}.Release|Any CPU.ActiveCfg = Release|Any CPU
		{C530BBB1-9A45-4EAF-BFDC-CD49BDF2D23B}.Release|Any CPU.Build.0 = Release|Any CPU
		{C530BBB1-9A45-4EAF-BFDC-CD49BDF2D23B}.Release|x86.ActiveCfg = Release|Any CPU
		{C530BBB1-9A45-4EAF-BFDC-CD49BDF2D23B}.Release|x86.Build.0 = Release|Any CPU
	EndGlobalSection
	GlobalSection(SolutionProperties) = preSolution
		HideSolutionNode = FALSE
	EndGlobalSection
	GlobalSection(NestedProjects) = preSolution
		{B747E196-C4DD-4879-BF40-9082F30BB86B} = {65011A23-1D0C-47AF-B1B4-BB0CD2905E37}
		{33CBCF4F-B253-4B07-ABF1-4178E08DFC35} = {E3EC1F2D-E4A4-4DFF-81BE-B0E7FDCF125C}
		{EC0F687A-0DFE-441D-9D43-460C2E88E58F} = {E3EC1F2D-E4A4-4DFF-81BE-B0E7FDCF125C}
		{118E7F38-3F24-42D9-9813-738D43288AAC} = {E3EC1F2D-E4A4-4DFF-81BE-B0E7FDCF125C}
		{6214A6D1-4C80-4CF6-8275-F58ECB0CD5F5} = {E3EC1F2D-E4A4-4DFF-81BE-B0E7FDCF125C}
		{C530BBB1-9A45-4EAF-BFDC-CD49BDF2D23B} = {B031B52A-9A38-4A10-BAB5-632C5593B595}
	EndGlobalSection
	GlobalSection(ExtensibilityGlobals) = postSolution
		SolutionGuid = {04C96A74-82CC-4EC0-983F-4E4487512609}
	EndGlobalSection
	GlobalSection(MonoDevelopProperties) = preSolution
		StartupItem = ShortCircuit\ShortCircuit.csproj
	EndGlobalSection
EndGlobal
